{
  "nodes": {
    "nix-editor": {
      "inputs": {
        "nixpkgs": [
          "nixpkgs"
        ]
      },
      "locked": {
        "lastModified": 1747484844,
        "narHash": "sha256-/L/V9AuTKYwV4cI8wNc1eilS0r0e8fxrKcXn3rjtCYg=",
        "owner": "replit",
        "repo": "nix-editor",
        "rev": "7b7b746ea3496a28e103282447509df8147a4083",
        "type": "github"
      },
      "original": {
        "owner": "replit",
        "repo": "nix-editor",
        "type": "github"
      }
    },
    "nixpkgs": {
      "locked": {
        "lastModified": 1741310760,
        "narHash": "sha256-aizILFrPgq/W53Jw8i0a1h1GZAAKtlYOrG/A5r46gVM=",
        "owner": "nixos",
        "repo": "nixpkgs",
        "rev": "de0fe301211c267807afd11b12613f5511ff7433",
        "type": "github"
      },
      "original": {
        "owner": "nixos",
        "ref": "nixpkgs-unstable",
        "repo": "nixpkgs",
        "type": "github"
      }
    },
    "root": {
      "inputs": {
        "nix-editor": "nix-editor",
        "nixpkgs": "nixpkgs"
      }
    }
  },
  "root": "root",
  "version": 7
}
