{
  "nodes": {
    "build-go-cache": {
      "inputs": {
        "gomod2nix": "gomod2nix",
        "nixpkgs": [
          "nixpkgs"
        ]
      },
      "locked": {
        "lastModified": 1721386404,
        "narHash": "sha256-c5t/YVZEn+zsQKqU9cws4boHVNyt7LQNeaf+xdPeWGI=",
        "owner": "numtide",
        "repo": "build-go-cache",
        "rev": "c5fa74cf7666a3fd7908d7ea91f8a6713ba5e838",
        "type": "github"
      },
      "original": {
        "owner": "numtide",
        "repo": "build-go-cache",
        "rev": "c5fa74cf7666a3fd7908d7ea91f8a6713ba5e838",
        "type": "github"
      }
    },
    "flake-utils": {
      "inputs": {
        "systems": "systems"
      },
      "locked": {
        "lastModified": 1694529238,
        "narHash": "sha256-zsNZZGTGnMOf9YpHKJqMSsa0dXbfmxeoJ7xHlrt+xmY=",
        "owner": "numtide",
        "repo": "flake-utils",
        "rev": "ff7b65b44d01cf9ba6a71320833626af21126384",
        "type": "github"
      },
      "original": {
        "owner": "numtide",
        "repo": "flake-utils",
        "type": "github"
      }
    },
    "gomod2nix": {
      "inputs": {
        "flake-utils": "flake-utils",
        "nixpkgs": [
          "build-go-cache",
          "nixpkgs"
        ]
      },
      "locked": {
        "lastModified": 1716202913,
        "narHash": "sha256-zjPNXI4DWBOrPsrK8u/XTsm5Q36quONQvz0jhAKHEeg=",
        "owner": "nix-community",
        "repo": "gomod2nix",
        "rev": "4702caff8e201f4c98fe3583637a930d253447c8",
        "type": "github"
      },
      "original": {
        "owner": "nix-community",
        "repo": "gomod2nix",
        "type": "github"
      }
    },
    "nix-editor": {
      "inputs": {
        "nixpkgs": [
          "nixpkgs"
        ]
      },
      "locked": {
        "lastModified": 1697051330,
        "narHash": "sha256-WUdCSm7+ckKv3IvTOmP8TOyqIXKXCRNE2RCrGl5J1hU=",
        "owner": "replit",
        "repo": "nix-editor",
        "rev": "2ecfe2bc906c07fba727ca00a784b88248eefef7",
        "type": "github"
      },
      "original": {
        "owner": "replit",
        "repo": "nix-editor",
        "type": "github"
      }
    },
    "nixpkgs": {
      "locked": {
        "lastModified": 1694062546,
        "narHash": "sha256-PiGI4f2BGnZcedP6slLjCLGLRLXPa9+ogGGgVPfGxys=",
        "owner": "nixos",
        "repo": "nixpkgs",
        "rev": "b200e0df08f80c32974a6108ce431d8a8a5e6547",
        "type": "github"
      },
      "original": {
        "owner": "nixos",
        "ref": "nixpkgs-unstable",
        "repo": "nixpkgs",
        "type": "github"
      }
    },
    "root": {
      "inputs": {
        "build-go-cache": "build-go-cache",
        "nix-editor": "nix-editor",
        "nixpkgs": "nixpkgs"
      }
    },
    "systems": {
      "locked": {
        "lastModified": 1681028828,
        "narHash": "sha256-Vy1rq5AaRuLzOxct8nz4T6wlgyUR7zLU309k9mBC768=",
        "owner": "nix-systems",
        "repo": "default",
        "rev": "da67096a3b9bf56a91d16901293e51ba5b49a27e",
        "type": "github"
      },
      "original": {
        "owner": "nix-systems",
        "repo": "default",
        "type": "github"
      }
    }
  },
  "root": "root",
  "version": 7
}
